// !$*UTF8*$!
{
	archiveVersion = 1;
	classes = {
	};
	objectVersion = 51;
	objects = {

/* Begin PBXBuildFile section */
		2A1D0BD627E44A21003851CE /* CalcView.swift in Sources */ = {isa = PBXBuildFile; fileRef = 2A1D0BD527E44A21003851CE /* CalcView.swift */; };
		2A90078427E06B0C0013F2B0 /* NumberType.swift in Sources */ = {isa = PBXBuildFile; fileRef = 2A90078327E06B0C0013F2B0 /* NumberType.swift */; };
		2A90078627E06B3A0013F2B0 /* OperatorTypes.swift in Sources */ = {isa = PBXBuildFile; fileRef = 2A90078527E06B3A0013F2B0 /* OperatorTypes.swift */; };
		2A9C71D9273E4D9500163B11 /* AppDelegate.swift in Sources */ = {isa = PBXBuildFile; fileRef = 2A9C71D8273E4D9500163B11 /* AppDelegate.swift */; };
		2A9C71DB273E4D9500163B11 /* SceneDelegate.swift in Sources */ = {isa = PBXBuildFile; fileRef = 2A9C71DA273E4D9500163B11 /* SceneDelegate.swift */; };
		2A9C71DF273E4D9700163B11 /* Assets.xcassets in Resources */ = {isa = PBXBuildFile; fileRef = 2A9C71DE273E4D9700163B11 /* Assets.xcassets */; };
		2A9C71E2273E4D9700163B11 /* Preview Assets.xcassets in Resources */ = {isa = PBXBuildFile; fileRef = 2A9C71E1273E4D9700163B11 /* Preview Assets.xcassets */; };
		2A9C71E5273E4D9700163B11 /* LaunchScreen.storyboard in Resources */ = {isa = PBXBuildFile; fileRef = 2A9C71E3273E4D9700163B11 /* LaunchScreen.storyboard */; };
		2A9C71ED273E4DE800163B11 /* CalcViewController.swift in Sources */ = {isa = PBXBuildFile; fileRef = 2A9C71EC273E4DE800163B11 /* CalcViewController.swift */; };
		54FBEED595CDF970F0CAE6B0 /* Pods_Calc_Remaster.framework in Frameworks */ = {isa = PBXBuildFile; fileRef = B9D57D1EF4DE3A1E493B2EBE /* Pods_Calc_Remaster.framework */; };
/* End PBXBuildFile section */

/* Begin PBXFileReference section */
		2A1D0BD527E44A21003851CE /* CalcView.swift */ = {isa = PBXFileReference; lastKnownFileType = sourcecode.swift; path = CalcView.swift; sourceTree = "<group>"; };
		2A90078327E06B0C0013F2B0 /* NumberType.swift */ = {isa = PBXFileReference; lastKnownFileType = sourcecode.swift; path = NumberType.swift; sourceTree = "<group>"; };
		2A90078527E06B3A0013F2B0 /* OperatorTypes.swift */ = {isa = PBXFileReference; lastKnownFileType = sourcecode.swift; path = OperatorTypes.swift; sourceTree = "<group>"; };
		2A9C71D5273E4D9500163B11 /* Calc Remaster.app */ = {isa = PBXFileReference; explicitFileType = wrapper.application; includeInIndex = 0; path = "Calc Remaster.app"; sourceTree = BUILT_PRODUCTS_DIR; };
		2A9C71D8273E4D9500163B11 /* AppDelegate.swift */ = {isa = PBXFileReference; lastKnownFileType = sourcecode.swift; path = AppDelegate.swift; sourceTree = "<group>"; };
		2A9C71DA273E4D9500163B11 /* SceneDelegate.swift */ = {isa = PBXFileReference; lastKnownFileType = sourcecode.swift; path = SceneDelegate.swift; sourceTree = "<group>"; };
		2A9C71DE273E4D9700163B11 /* Assets.xcassets */ = {isa = PBXFileReference; lastKnownFileType = folder.assetcatalog; path = Assets.xcassets; sourceTree = "<group>"; };
		2A9C71E1273E4D9700163B11 /* Preview Assets.xcassets */ = {isa = PBXFileReference; lastKnownFileType = folder.assetcatalog; path = "Preview Assets.xcassets"; sourceTree = "<group>"; };
		2A9C71E4273E4D9700163B11 /* Base */ = {isa = PBXFileReference; lastKnownFileType = file.storyboard; name = Base; path = Base.lproj/LaunchScreen.storyboard; sourceTree = "<group>"; };
		2A9C71E6273E4D9700163B11 /* Info.plist */ = {isa = PBXFileReference; lastKnownFileType = text.plist.xml; path = Info.plist; sourceTree = "<group>"; };
		2A9C71EC273E4DE800163B11 /* CalcViewController.swift */ = {isa = PBXFileReference; lastKnownFileType = sourcecode.swift; path = CalcViewController.swift; sourceTree = "<group>"; };
		8C30B713F6DE04FBF9147E5A /* Pods-Calc Remaster.release.xcconfig */ = {isa = PBXFileReference; includeInIndex = 1; lastKnownFileType = text.xcconfig; name = "Pods-Calc Remaster.release.xcconfig"; path = "Target Support Files/Pods-Calc Remaster/Pods-Calc Remaster.release.xcconfig"; sourceTree = "<group>"; };
		B9D57D1EF4DE3A1E493B2EBE /* Pods_Calc_Remaster.framework */ = {isa = PBXFileReference; explicitFileType = wrapper.framework; includeInIndex = 0; path = Pods_Calc_Remaster.framework; sourceTree = BUILT_PRODUCTS_DIR; };
		E3A85BE7CAD2FD4A7A975A04 /* Pods-Calc Remaster.debug.xcconfig */ = {isa = PBXFileReference; includeInIndex = 1; lastKnownFileType = text.xcconfig; name = "Pods-Calc Remaster.debug.xcconfig"; path = "Target Support Files/Pods-Calc Remaster/Pods-Calc Remaster.debug.xcconfig"; sourceTree = "<group>"; };
/* End PBXFileReference section */

/* Begin PBXFrameworksBuildPhase section */
		2A9C71D2273E4D9500163B11 /* Frameworks */ = {
			isa = PBXFrameworksBuildPhase;
			buildActionMask = 2147483647;
			files = (
				54FBEED595CDF970F0CAE6B0 /* Pods_Calc_Remaster.framework in Frameworks */,
			);
			runOnlyForDeploymentPostprocessing = 0;
		};
/* End PBXFrameworksBuildPhase section */

/* Begin PBXGroup section */
		2A90078227E06ACF0013F2B0 /* Model */ = {
			isa = PBXGroup;
			children = (
				2A90078327E06B0C0013F2B0 /* NumberType.swift */,
				2A90078527E06B3A0013F2B0 /* OperatorTypes.swift */,
			);
			path = Model;
			sourceTree = "<group>";
		};
		2A90078727E06BAC0013F2B0 /* MainViewController */ = {
			isa = PBXGroup;
			children = (
				2A90078927E06C3D0013F2B0 /* Controller */,
				2A90078227E06ACF0013F2B0 /* Model */,
				2A90078A27E06C590013F2B0 /* View */,
			);
			path = MainViewController;
			sourceTree = "<group>";
		};
		2A90078827E06C2C0013F2B0 /* UI */ = {
			isa = PBXGroup;
			children = (
				2A90078727E06BAC0013F2B0 /* MainViewController */,
			);
			path = UI;
			sourceTree = "<group>";
		};
		2A90078927E06C3D0013F2B0 /* Controller */ = {
			isa = PBXGroup;
			children = (
				2A9C71EC273E4DE800163B11 /* CalcViewController.swift */,
			);
			path = Controller;
			sourceTree = "<group>";
		};
		2A90078A27E06C590013F2B0 /* View */ = {
			isa = PBXGroup;
			children = (
				2A1D0BD527E44A21003851CE /* CalcView.swift */,
			);
			path = View;
			sourceTree = "<group>";
		};
		2A9C71CC273E4D9500163B11 = {
			isa = PBXGroup;
			children = (
				2A9C71D7273E4D9500163B11 /* Calc Remaster */,
				2A9C71D6273E4D9500163B11 /* Products */,
				B59476027FBD8E437A9D99FA /* Pods */,
				5B04A3BB8D30D4DF1850A702 /* Frameworks */,
			);
			sourceTree = "<group>";
		};
		2A9C71D6273E4D9500163B11 /* Products */ = {
			isa = PBXGroup;
			children = (
				2A9C71D5273E4D9500163B11 /* Calc Remaster.app */,
			);
			name = Products;
			sourceTree = "<group>";
		};
		2A9C71D7273E4D9500163B11 /* Calc Remaster */ = {
			isa = PBXGroup;
			children = (
				2A9C71D8273E4D9500163B11 /* AppDelegate.swift */,
				2A9C71DA273E4D9500163B11 /* SceneDelegate.swift */,
				2A90078827E06C2C0013F2B0 /* UI */,
				2A9C71DE273E4D9700163B11 /* Assets.xcassets */,
				2A9C71E3273E4D9700163B11 /* LaunchScreen.storyboard */,
				2A9C71E6273E4D9700163B11 /* Info.plist */,
				2A9C71E0273E4D9700163B11 /* Preview Content */,
			);
			path = "Calc Remaster";
			sourceTree = "<group>";
		};
		2A9C71E0273E4D9700163B11 /* Preview Content */ = {
			isa = PBXGroup;
			children = (
				2A9C71E1273E4D9700163B11 /* Preview Assets.xcassets */,
			);
			path = "Preview Content";
			sourceTree = "<group>";
		};
		5B04A3BB8D30D4DF1850A702 /* Frameworks */ = {
			isa = PBXGroup;
			children = (
				B9D57D1EF4DE3A1E493B2EBE /* Pods_Calc_Remaster.framework */,
			);
			name = Frameworks;
			sourceTree = "<group>";
		};
		B59476027FBD8E437A9D99FA /* Pods */ = {
			isa = PBXGroup;
			children = (
				E3A85BE7CAD2FD4A7A975A04 /* Pods-Calc Remaster.debug.xcconfig */,
				8C30B713F6DE04FBF9147E5A /* Pods-Calc Remaster.release.xcconfig */,
			);
			path = Pods;
			sourceTree = "<group>";
		};
/* End PBXGroup section */

/* Begin PBXNativeTarget section */
		2A9C71D4273E4D9500163B11 /* Calc Remaster */ = {
			isa = PBXNativeTarget;
			buildConfigurationList = 2A9C71E9273E4D9700163B11 /* Build configuration list for PBXNativeTarget "Calc Remaster" */;
			buildPhases = (
				09B2F835B6EE2A7CC87415C8 /* [CP] Check Pods Manifest.lock */,
				2A9C71D1273E4D9500163B11 /* Sources */,
				2A9C71D2273E4D9500163B11 /* Frameworks */,
				2A9C71D3273E4D9500163B11 /* Resources */,
				729C35D948350EA1BDF284AE /* [CP] Embed Pods Frameworks */,
			);
			buildRules = (
			);
			dependencies = (
			);
			name = "Calc Remaster";
			productName = "Calc Remaster";
			productReference = 2A9C71D5273E4D9500163B11 /* Calc Remaster.app */;
			productType = "com.apple.product-type.application";
		};
/* End PBXNativeTarget section */

/* Begin PBXProject section */
		2A9C71CD273E4D9500163B11 /* Project object */ = {
			isa = PBXProject;
			attributes = {
				LastSwiftUpdateCheck = 1250;
				LastUpgradeCheck = 1250;
				TargetAttributes = {
					2A9C71D4273E4D9500163B11 = {
						CreatedOnToolsVersion = 12.5.1;
					};
				};
			};
			buildConfigurationList = 2A9C71D0273E4D9500163B11 /* Build configuration list for PBXProject "Calc Remaster" */;
			compatibilityVersion = "Xcode 9.3";
			developmentRegion = en;
			hasScannedForEncodings = 0;
			knownRegions = (
				en,
				Base,
			);
			mainGroup = 2A9C71CC273E4D9500163B11;
			productRefGroup = 2A9C71D6273E4D9500163B11 /* Products */;
			projectDirPath = "";
			projectRoot = "";
			targets = (
				2A9C71D4273E4D9500163B11 /* Calc Remaster */,
			);
		};
/* End PBXProject section */

/* Begin PBXResourcesBuildPhase section */
		2A9C71D3273E4D9500163B11 /* Resources */ = {
			isa = PBXResourcesBuildPhase;
			buildActionMask = 2147483647;
			files = (
				2A9C71E5273E4D9700163B11 /* LaunchScreen.storyboard in Resources */,
				2A9C71E2273E4D9700163B11 /* Preview Assets.xcassets in Resources */,
				2A9C71DF273E4D9700163B11 /* Assets.xcassets in Resources */,
			);
			runOnlyForDeploymentPostprocessing = 0;
		};
/* End PBXResourcesBuildPhase section */

/* Begin PBXShellScriptBuildPhase section */
		09B2F835B6EE2A7CC87415C8 /* [CP] Check Pods Manifest.lock */ = {
			isa = PBXShellScriptBuildPhase;
			buildActionMask = 2147483647;
			files = (
			);
			inputFileListPaths = (
			);
			inputPaths = (
				"${PODS_PODFILE_DIR_PATH}/Podfile.lock",
				"${PODS_ROOT}/Manifest.lock",
			);
			name = "[CP] Check Pods Manifest.lock";
			outputFileListPaths = (
			);
			outputPaths = (
				"$(DERIVED_FILE_DIR)/Pods-Calc Remaster-checkManifestLockResult.txt",
			);
			runOnlyForDeploymentPostprocessing = 0;
			shellPath = /bin/sh;
			shellScript = "diff \"${PODS_PODFILE_DIR_PATH}/Podfile.lock\" \"${PODS_ROOT}/Manifest.lock\" > /dev/null\nif [ $? != 0 ] ; then\n    # print error to STDERR\n    echo \"error: The sandbox is not in sync with the Podfile.lock. Run 'pod install' or update your CocoaPods installation.\" >&2\n    exit 1\nfi\n# This output is used by Xcode 'outputs' to avoid re-running this script phase.\necho \"SUCCESS\" > \"${SCRIPT_OUTPUT_FILE_0}\"\n";
			showEnvVarsInLog = 0;
		};
		729C35D948350EA1BDF284AE /* [CP] Embed Pods Frameworks */ = {
			isa = PBXShellScriptBuildPhase;
			buildActionMask = 2147483647;
			files = (
			);
			inputFileListPaths = (
				"${PODS_ROOT}/Target Support Files/Pods-Calc Remaster/Pods-Calc Remaster-frameworks-${CONFIGURATION}-input-files.xcfilelist",
			);
			name = "[CP] Embed Pods Frameworks";
			outputFileListPaths = (
				"${PODS_ROOT}/Target Support Files/Pods-Calc Remaster/Pods-Calc Remaster-frameworks-${CONFIGURATION}-output-files.xcfilelist",
			);
			runOnlyForDeploymentPostprocessing = 0;
			shellPath = /bin/sh;
			shellScript = "\"${PODS_ROOT}/Target Support Files/Pods-Calc Remaster/Pods-Calc Remaster-frameworks.sh\"\n";
			showEnvVarsInLog = 0;
		};
/* End PBXShellScriptBuildPhase section */

/* Begin PBXSourcesBuildPhase section */
		2A9C71D1273E4D9500163B11 /* Sources */ = {
			isa = PBXSourcesBuildPhase;
			buildActionMask = 2147483647;
			files = (
				2A9C71D9273E4D9500163B11 /* AppDelegate.swift in Sources */,
				2A9C71ED273E4DE800163B11 /* CalcViewController.swift in Sources */,
				2A90078627E06B3A0013F2B0 /* OperatorTypes.swift in Sources */,
				2A90078427E06B0C0013F2B0 /* NumberType.swift in Sources */,
				2A9C71DB273E4D9500163B11 /* SceneDelegate.swift in Sources */,
				2A1D0BD627E44A21003851CE /* CalcView.swift in Sources */,
			);
			runOnlyForDeploymentPostprocessing = 0;
		};
/* End PBXSourcesBuildPhase section */

/* Begin PBXVariantGroup section */
		2A9C71E3273E4D9700163B11 /* LaunchScreen.storyboard */ = {
			isa = PBXVariantGroup;
			children = (
				2A9C71E4273E4D9700163B11 /* Base */,
			);
			name = LaunchScreen.storyboard;
			sourceTree = "<group>";
		};
/* End PBXVariantGroup section */

/* Begin XCBuildConfiguration section */
		2A9C71E7273E4D9700163B11 /* Debug */ = {
			isa = XCBuildConfiguration;
			buildSettings = {
				ALWAYS_SEARCH_USER_PATHS = NO;
				CLANG_ANALYZER_NONNULL = YES;
				CLANG_ANALYZER_NUMBER_OBJECT_CONVERSION = YES_AGGRESSIVE;
				CLANG_CXX_LANGUAGE_STANDARD = "gnu++14";
				CLANG_CXX_LIBRARY = "libc++";
				CLANG_ENABLE_MODULES = YES;
				CLANG_ENABLE_OBJC_ARC = YES;
				CLANG_ENABLE_OBJC_WEAK = YES;
				CLANG_WARN_BLOCK_CAPTURE_AUTORELEASING = YES;
				CLANG_WARN_BOOL_CONVERSION = YES;
				CLANG_WARN_COMMA = YES;
				CLANG_WARN_CONSTANT_CONVERSION = YES;
				CLANG_WARN_DEPRECATED_OBJC_IMPLEMENTATIONS = YES;
				CLANG_WARN_DIRECT_OBJC_ISA_USAGE = YES_ERROR;
				CLANG_WARN_DOCUMENTATION_COMMENTS = YES;
				CLANG_WARN_EMPTY_BODY = YES;
				CLANG_WARN_ENUM_CONVERSION = YES;
				CLANG_WARN_INFINITE_RECURSION = YES;
				CLANG_WARN_INT_CONVERSION = YES;
				CLANG_WARN_NON_LITERAL_NULL_CONVERSION = YES;
				CLANG_WARN_OBJC_IMPLICIT_RETAIN_SELF = YES;
				CLANG_WARN_OBJC_LITERAL_CONVERSION = YES;
				CLANG_WARN_OBJC_ROOT_CLASS = YES_ERROR;
				CLANG_WARN_QUOTED_INCLUDE_IN_FRAMEWORK_HEADER = YES;
				CLANG_WARN_RANGE_LOOP_ANALYSIS = YES;
				CLANG_WARN_STRICT_PROTOTYPES = YES;
				CLANG_WARN_SUSPICIOUS_MOVE = YES;
				CLANG_WARN_UNGUARDED_AVAILABILITY = YES_AGGRESSIVE;
				CLANG_WARN_UNREACHABLE_CODE = YES;
				CLANG_WARN__DUPLICATE_METHOD_MATCH = YES;
				COPY_PHASE_STRIP = NO;
				DEBUG_INFORMATION_FORMAT = dwarf;
				ENABLE_STRICT_OBJC_MSGSEND = YES;
				ENABLE_TESTABILITY = YES;
				GCC_C_LANGUAGE_STANDARD = gnu11;
				GCC_DYNAMIC_NO_PIC = NO;
				GCC_NO_COMMON_BLOCKS = YES;
				GCC_OPTIMIZATION_LEVEL = 0;
				GCC_PREPROCESSOR_DEFINITIONS = (
					"DEBUG=1",
					"$(inherited)",
				);
				GCC_WARN_64_TO_32_BIT_CONVERSION = YES;
				GCC_WARN_ABOUT_RETURN_TYPE = YES_ERROR;
				GCC_WARN_UNDECLARED_SELECTOR = YES;
				GCC_WARN_UNINITIALIZED_AUTOS = YES_AGGRESSIVE;
				GCC_WARN_UNUSED_FUNCTION = YES;
				GCC_WARN_UNUSED_VARIABLE = YES;
				IPHONEOS_DEPLOYMENT_TARGET = 14.5;
				MTL_ENABLE_DEBUG_INFO = INCLUDE_SOURCE;
				MTL_FAST_MATH = YES;
				ONLY_ACTIVE_ARCH = YES;
				SDKROOT = iphoneos;
				SWIFT_ACTIVE_COMPILATION_CONDITIONS = DEBUG;
				SWIFT_OPTIMIZATION_LEVEL = "-Onone";
			};
			name = Debug;
		};
		2A9C71E8273E4D9700163B11 /* Release */ = {
			isa = XCBuildConfiguration;
			buildSettings = {
				ALWAYS_SEARCH_USER_PATHS = NO;
				CLANG_ANALYZER_NONNULL = YES;
				CLANG_ANALYZER_NUMBER_OBJECT_CONVERSION = YES_AGGRESSIVE;
				CLANG_CXX_LANGUAGE_STANDARD = "gnu++14";
				CLANG_CXX_LIBRARY = "libc++";
				CLANG_ENABLE_MODULES = YES;
				CLANG_ENABLE_OBJC_ARC = YES;
				CLANG_ENABLE_OBJC_WEAK = YES;
				CLANG_WARN_BLOCK_CAPTURE_AUTORELEASING = YES;
				CLANG_WARN_BOOL_CONVERSION = YES;
				CLANG_WARN_COMMA = YES;
				CLANG_WARN_CONSTANT_CONVERSION = YES;
				CLANG_WARN_DEPRECATED_OBJC_IMPLEMENTATIONS = YES;
				CLANG_WARN_DIRECT_OBJC_ISA_USAGE = YES_ERROR;
				CLANG_WARN_DOCUMENTATION_COMMENTS = YES;
				CLANG_WARN_EMPTY_BODY = YES;
				CLANG_WARN_ENUM_CONVERSION = YES;
				CLANG_WARN_INFINITE_RECURSION = YES;
				CLANG_WARN_INT_CONVERSION = YES;
				CLANG_WARN_NON_LITERAL_NULL_CONVERSION = YES;
				CLANG_WARN_OBJC_IMPLICIT_RETAIN_SELF = YES;
				CLANG_WARN_OBJC_LITERAL_CONVERSION = YES;
				CLANG_WARN_OBJC_ROOT_CLASS = YES_ERROR;
				CLANG_WARN_QUOTED_INCLUDE_IN_FRAMEWORK_HEADER = YES;
				CLANG_WARN_RANGE_LOOP_ANALYSIS = YES;
				CLANG_WARN_STRICT_PROTOTYPES = YES;
				CLANG_WARN_SUSPICIOUS_MOVE = YES;
				CLANG_WARN_UNGUARDED_AVAILABILITY = YES_AGGRESSIVE;
				CLANG_WARN_UNREACHABLE_CODE = YES;
				CLANG_WARN__DUPLICATE_METHOD_MATCH = YES;
				COPY_PHASE_STRIP = NO;
				DEBUG_INFORMATION_FORMAT = "dwarf-with-dsym";
				ENABLE_NS_ASSERTIONS = NO;
				ENABLE_STRICT_OBJC_MSGSEND = YES;
				GCC_C_LANGUAGE_STANDARD = gnu11;
				GCC_NO_COMMON_BLOCKS = YES;
				GCC_WARN_64_TO_32_BIT_CONVERSION = YES;
				GCC_WARN_ABOUT_RETURN_TYPE = YES_ERROR;
				GCC_WARN_UNDECLARED_SELECTOR = YES;
				GCC_WARN_UNINITIALIZED_AUTOS = YES_AGGRESSIVE;
				GCC_WARN_UNUSED_FUNCTION = YES;
				GCC_WARN_UNUSED_VARIABLE = YES;
				IPHONEOS_DEPLOYMENT_TARGET = 14.5;
				MTL_ENABLE_DEBUG_INFO = NO;
				MTL_FAST_MATH = YES;
				SDKROOT = iphoneos;
				SWIFT_COMPILATION_MODE = wholemodule;
				SWIFT_OPTIMIZATION_LEVEL = "-O";
				VALIDATE_PRODUCT = YES;
			};
			name = Release;
		};
		2A9C71EA273E4D9700163B11 /* Debug */ = {
			isa = XCBuildConfiguration;
			baseConfigurationReference = E3A85BE7CAD2FD4A7A975A04 /* Pods-Calc Remaster.debug.xcconfig */;
			buildSettings = {
				ASSETCATALOG_COMPILER_APPICON_NAME = AppIcon;
				ASSETCATALOG_COMPILER_GLOBAL_ACCENT_COLOR_NAME = AccentColor;
				CODE_SIGN_STYLE = Automatic;
				DEVELOPMENT_ASSET_PATHS = "\"Calc Remaster/Preview Content\"";
				ENABLE_PREVIEWS = YES;
				INFOPLIST_FILE = "Calc Remaster/Info.plist";
				LD_RUNPATH_SEARCH_PATHS = (
					"$(inherited)",
					"@executable_path/Frameworks",
				);
				PRODUCT_BUNDLE_IDENTIFIER = "com.Kai.Calc-Remaster";
				PRODUCT_NAME = "$(TARGET_NAME)";
				SWIFT_VERSION = 5.0;
				TARGETED_DEVICE_FAMILY = "1,2";
			};
			name = Debug;
		};
		2A9C71EB273E4D9700163B11 /* Release */ = {
			isa = XCBuildConfiguration;
			baseConfigurationReference = 8C30B713F6DE04FBF9147E5A /* Pods-Calc Remaster.release.xcconfig */;
			buildSettings = {
				ASSETCATALOG_COMPILER_APPICON_NAME = AppIcon;
				ASSETCATALOG_COMPILER_GLOBAL_ACCENT_COLOR_NAME = AccentColor;
				CODE_SIGN_STYLE = Automatic;
				DEVELOPMENT_ASSET_PATHS = "\"Calc Remaster/Preview Content\"";
				ENABLE_PREVIEWS = YES;
				INFOPLIST_FILE = "Calc Remaster/Info.plist";
				LD_RUNPATH_SEARCH_PATHS = (
					"$(inherited)",
					"@executable_path/Frameworks",
				);
				PRODUCT_BUNDLE_IDENTIFIER = "com.Kai.Calc-Remaster";
				PRODUCT_NAME = "$(TARGET_NAME)";
				SWIFT_VERSION = 5.0;
				TARGETED_DEVICE_FAMILY = "1,2";
			};
			name = Release;
		};
/* End XCBuildConfiguration section */

/* Begin XCConfigurationList section */
		2A9C71D0273E4D9500163B11 /* Build configuration list for PBXProject "Calc Remaster" */ = {
			isa = XCConfigurationList;
			buildConfigurations = (
				2A9C71E7273E4D9700163B11 /* Debug */,
				2A9C71E8273E4D9700163B11 /* Release */,
			);
			defaultConfigurationIsVisible = 0;
			defaultConfigurationName = Release;
		};
		2A9C71E9273E4D9700163B11 /* Build configuration list for PBXNativeTarget "Calc Remaster" */ = {
			isa = XCConfigurationList;
			buildConfigurations = (
				2A9C71EA273E4D9700163B11 /* Debug */,
				2A9C71EB273E4D9700163B11 /* Release */,
			);
			defaultConfigurationIsVisible = 0;
			defaultConfigurationName = Release;
		};
/* End XCConfigurationList section */
	};
	rootObject = 2A9C71CD273E4D9500163B11 /* Project object */;
}
